
Microsoft Visual Studio Solution File, Format Version 12.00
# Visual Studio Version 17
VisualStudioVersion = 17.8.34309.116
MinimumVisualStudioVersion = 10.0.40219.1
Project("{FAE04EC0-301F-11D3-BF4B-00C04F79EFBC}") = "FolderAndFileManipulation", "FolderAndFileManipulation\FolderAndFileManipulation.csproj", "{0C0AAF48-C6C7-4D42-ADFB-2E4AD7500215}"
EndProject
Global
	GlobalSection(SolutionConfigurationPlatforms) = preSolution
		Debug|Any CPU = Debug|Any CPU
		Release|Any CPU = Release|Any CPU
	EndGlobalSection
	GlobalSection(ProjectConfigurationPlatforms) = postSolution
		{0C0AAF48-C6C7-4D42-ADFB-2E4AD7500215}.Debug|Any CPU.ActiveCfg = Debug|Any CPU
		{0C0AAF48-C6C7-4D42-ADFB-2E4AD7500215}.Debug|Any CPU.Build.0 = Debug|Any CPU
		{0C0AAF48-C6C7-4D42-ADFB-2E4AD7500215}.Release|Any CPU.ActiveCfg = Release|Any CPU
		{0C0AAF48-C6C7-4D42-ADFB-2E4AD7500215}.Release|Any CPU.Build.0 = Release|Any CPU
	EndGlobalSection
	GlobalSection(SolutionProperties) = preSolution
		HideSolutionNode = FALSE
	EndGlobalSection
	GlobalSection(ExtensibilityGlobals) = postSolution
		SolutionGuid = {15A2E17E-8C8D-4B0C-9CB3-1A85934E9BAB}
	EndGlobalSection
EndGlobal
